
Microsoft Visual Studio Solution File, Format Version 12.00
# Visual Studio Version 17
VisualStudioVersion = 17.11.35431.28
MinimumVisualStudioVersion = 10.0.40219.1
Project("{FAE04EC0-301F-11D3-BF4B-00C04F79EFBC}") = "TVShowsAPI", "TVShowsAPI.csproj", "{A20F84F5-BA8E-4486-AB75-4B362257F5D0}"
EndProject
Project("{FAE04EC0-301F-11D3-BF4B-00C04F79EFBC}") = "TVShowsAPI.Models", "..\TVShowsAPI.Models\TVShowsAPI.Models.csproj", "{84A4DAD8-80BC-4F06-9DD9-FF08CA101C62}"
EndProject
Project("{FAE04EC0-301F-11D3-BF4B-00C04F79EFBC}") = "TVShowsAPI.Repositories", "..\TVShowsAPI.Repositories\TVShowsAPI.Repositories.csproj", "{0ABF0481-5379-4269-A792-DCF968DB33A8}"
EndProject
Project("{FAE04EC0-301F-11D3-BF4B-00C04F79EFBC}") = "TVShowsAPI.Data", "..\TVShowsAPI.Data\TVShowsAPI.Data.csproj", "{FC785964-6604-4F20-8A33-6EDED1D158DA}"
EndProject
Global
	GlobalSection(SolutionConfigurationPlatforms) = preSolution
		Debug|Any CPU = Debug|Any CPU
		Release|Any CPU = Release|Any CPU
	EndGlobalSection
	GlobalSection(ProjectConfigurationPlatforms) = postSolution
		{A20F84F5-BA8E-4486-AB75-4B362257F5D0}.Debug|Any CPU.ActiveCfg = Debug|Any CPU
		{A20F84F5-BA8E-4486-AB75-4B362257F5D0}.Debug|Any CPU.Build.0 = Debug|Any CPU
		{A20F84F5-BA8E-4486-AB75-4B362257F5D0}.Release|Any CPU.ActiveCfg = Release|Any CPU
		{A20F84F5-BA8E-4486-AB75-4B362257F5D0}.Release|Any CPU.Build.0 = Release|Any CPU
		{84A4DAD8-80BC-4F06-9DD9-FF08CA101C62}.Debug|Any CPU.ActiveCfg = Debug|Any CPU
		{84A4DAD8-80BC-4F06-9DD9-FF08CA101C62}.Debug|Any CPU.Build.0 = Debug|Any CPU
		{84A4DAD8-80BC-4F06-9DD9-FF08CA101C62}.Release|Any CPU.ActiveCfg = Release|Any CPU
		{84A4DAD8-80BC-4F06-9DD9-FF08CA101C62}.Release|Any CPU.Build.0 = Release|Any CPU
		{0ABF0481-5379-4269-A792-DCF968DB33A8}.Debug|Any CPU.ActiveCfg = Debug|Any CPU
		{0ABF0481-5379-4269-A792-DCF968DB33A8}.Debug|Any CPU.Build.0 = Debug|Any CPU
		{0ABF0481-5379-4269-A792-DCF968DB33A8}.Release|Any CPU.ActiveCfg = Release|Any CPU
		{0ABF0481-5379-4269-A792-DCF968DB33A8}.Release|Any CPU.Build.0 = Release|Any CPU
		{FC785964-6604-4F20-8A33-6EDED1D158DA}.Debug|Any CPU.ActiveCfg = Debug|Any CPU
		{FC785964-6604-4F20-8A33-6EDED1D158DA}.Debug|Any CPU.Build.0 = Debug|Any CPU
		{FC785964-6604-4F20-8A33-6EDED1D158DA}.Release|Any CPU.ActiveCfg = Release|Any CPU
		{FC785964-6604-4F20-8A33-6EDED1D158DA}.Release|Any CPU.Build.0 = Release|Any CPU
	EndGlobalSection
	GlobalSection(SolutionProperties) = preSolution
		HideSolutionNode = FALSE
	EndGlobalSection
	GlobalSection(ExtensibilityGlobals) = postSolution
		SolutionGuid = {0E91C53D-5E32-4EAF-B317-F62E2A906829}
	EndGlobalSection
EndGlobal
